
Microsoft Visual Studio Solution File, Format Version 12.00
# Visual Studio Version 17
VisualStudioVersion = 17.4.33205.214
MinimumVisualStudioVersion = 10.0.40219.1
Project("{FAE04EC0-301F-11D3-BF4B-00C04F79EFBC}") = "TreeViewMenu", "TreeViewMenu\TreeViewMenu.csproj", "{6B5325A6-CC86-4E1E-8ECE-E572F96CB598}"
EndProject
Global
	GlobalSection(SolutionConfigurationPlatforms) = preSolution
		Debug|Any CPU = Debug|Any CPU
		Release|Any CPU = Release|Any CPU
	EndGlobalSection
	GlobalSection(ProjectConfigurationPlatforms) = postSolution
		{6B5325A6-CC86-4E1E-8ECE-E572F96CB598}.Debug|Any CPU.ActiveCfg = Debug|Any CPU
		{6B5325A6-CC86-4E1E-8ECE-E572F96CB598}.Debug|Any CPU.Build.0 = Debug|Any CPU
		{6B5325A6-CC86-4E1E-8ECE-E572F96CB598}.Release|Any CPU.ActiveCfg = Release|Any CPU
		{6B5325A6-CC86-4E1E-8ECE-E572F96CB598}.Release|Any CPU.Build.0 = Release|Any CPU
	EndGlobalSection
	GlobalSection(SolutionProperties) = preSolution
		HideSolutionNode = FALSE
	EndGlobalSection
	GlobalSection(ExtensibilityGlobals) = postSolution
		SolutionGuid = {9251A12F-156C-4F37-B505-104648AE104B}
	EndGlobalSection
EndGlobal
